
Microsoft Visual Studio Solution File, Format Version 12.00
# Visual Studio 15
Project("{FAE04EC0-301F-11D3-BF4B-00C04F79EFBC}") = "Assembly-CSharp", "Assembly-CSharp.csproj", "{4BF5EAEB-0443-BA9E-D5FD-39BD01A999BF}"
EndProject
Global
	GlobalSection(SolutionConfigurationPlatforms) = preSolution
		Debug|Any CPU = Debug|Any CPU
		Release|Any CPU = Release|Any CPU
	EndGlobalSection
	GlobalSection(ProjectConfigurationPlatforms) = postSolution
		{4BF5EAEB-0443-BA9E-D5FD-39BD01A999BF}.Debug|Any CPU.ActiveCfg = Debug|Any CPU
		{4BF5EAEB-0443-BA9E-D5FD-39BD01A999BF}.Debug|Any CPU.Build.0 = Debug|Any CPU
		{4BF5EAEB-0443-BA9E-D5FD-39BD01A999BF}.Release|Any CPU.ActiveCfg = Release|Any CPU
		{4BF5EAEB-0443-BA9E-D5FD-39BD01A999BF}.Release|Any CPU.Build.0 = Release|Any CPU
	EndGlobalSection
	GlobalSection(SolutionProperties) = preSolution
		HideSolutionNode = FALSE
	EndGlobalSection
EndGlobal
